PODS:
  - Bugly (2.5.71)
  - Masonry (1.1.0)
  - SVProgressHUD (2.2.5)
  - ZegoExpressEngine (2.7.0):
    - ZegoExpressEngine/Video (= 2.7.0)
  - ZegoExpressEngine/Video (2.7.0)

DEPENDENCIES:
  - Bugly (~> 2.5.5)
  - Masonry
  - SVProgressHUD
  - ZegoExpressEngine

SPEC REPOS:
  trunk:
    - Bugly
    - Masonry
    - SVProgressHUD
    - ZegoExpressEngine

SPEC CHECKSUMS:
  Bugly: fd066c75c4a0eca1440f9b6a84bd37d51bfc85ac
  Masonry: 678fab65091a9290e40e2832a55e7ab731aad201
  SVProgressHUD: 1428aafac632c1f86f62aa4243ec12008d7a51d6
  ZegoExpressEngine: b961ac68e650c0487716e71ba17dceda8474351c

PODFILE CHECKSUM: a85619ee90dc495e7420ac36f684211ea94787b9

COCOAPODS: 1.11.3
